
Microsoft Visual Studio Solution File, Format Version 12.00
# Visual Studio Version 17
VisualStudioVersion = 17.10.34916.146
MinimumVisualStudioVersion = 10.0.40219.1
Project("{FAE04EC0-301F-11D3-BF4B-00C04F79EFBC}") = "MarkelTest", "MarkelTest\MarkelTest.csproj", "{04B11DCF-3DE4-45C5-A487-C0DC60D97B2C}"
EndProject
Project("{FAE04EC0-301F-11D3-BF4B-00C04F79EFBC}") = "UnitTests", "UnitTests\UnitTests.csproj", "{158B7DB1-2662-40C1-B5CA-B768A7FDD6A9}"
EndProject
Global
	GlobalSection(SolutionConfigurationPlatforms) = preSolution
		Debug|Any CPU = Debug|Any CPU
		Release|Any CPU = Release|Any CPU
	EndGlobalSection
	GlobalSection(ProjectConfigurationPlatforms) = postSolution
		{04B11DCF-3DE4-45C5-A487-C0DC60D97B2C}.Debug|Any CPU.ActiveCfg = Debug|Any CPU
		{04B11DCF-3DE4-45C5-A487-C0DC60D97B2C}.Debug|Any CPU.Build.0 = Debug|Any CPU
		{04B11DCF-3DE4-45C5-A487-C0DC60D97B2C}.Release|Any CPU.ActiveCfg = Release|Any CPU
		{04B11DCF-3DE4-45C5-A487-C0DC60D97B2C}.Release|Any CPU.Build.0 = Release|Any CPU
		{158B7DB1-2662-40C1-B5CA-B768A7FDD6A9}.Debug|Any CPU.ActiveCfg = Debug|Any CPU
		{158B7DB1-2662-40C1-B5CA-B768A7FDD6A9}.Debug|Any CPU.Build.0 = Debug|Any CPU
		{158B7DB1-2662-40C1-B5CA-B768A7FDD6A9}.Release|Any CPU.ActiveCfg = Release|Any CPU
		{158B7DB1-2662-40C1-B5CA-B768A7FDD6A9}.Release|Any CPU.Build.0 = Release|Any CPU
	EndGlobalSection
	GlobalSection(SolutionProperties) = preSolution
		HideSolutionNode = FALSE
	EndGlobalSection
	GlobalSection(ExtensibilityGlobals) = postSolution
		SolutionGuid = {FFE0BB14-DAA3-4377-889A-A9CADF84C5C5}
	EndGlobalSection
EndGlobal
